
Microsoft Visual Studio Solution File, Format Version 12.00
# Visual Studio 15
VisualStudioVersion = 15.0.28307.489
MinimumVisualStudioVersion = 10.0.40219.1
Project("{FAE04EC0-301F-11D3-BF4B-00C04F79EFBC}") = "Agenda", "Agenda\Agenda.csproj", "{B4D1E388-C358-486B-81D6-4E0D1BC37A1B}"
EndProject
Global
	GlobalSection(SolutionConfigurationPlatforms) = preSolution
		Debug|Any CPU = Debug|Any CPU
		Release|Any CPU = Release|Any CPU
	EndGlobalSection
	GlobalSection(ProjectConfigurationPlatforms) = postSolution
		{B4D1E388-C358-486B-81D6-4E0D1BC37A1B}.Debug|Any CPU.ActiveCfg = Debug|Any CPU
		{B4D1E388-C358-486B-81D6-4E0D1BC37A1B}.Debug|Any CPU.Build.0 = Debug|Any CPU
		{B4D1E388-C358-486B-81D6-4E0D1BC37A1B}.Release|Any CPU.ActiveCfg = Release|Any CPU
		{B4D1E388-C358-486B-81D6-4E0D1BC37A1B}.Release|Any CPU.Build.0 = Release|Any CPU
	EndGlobalSection
	GlobalSection(SolutionProperties) = preSolution
		HideSolutionNode = FALSE
	EndGlobalSection
	GlobalSection(ExtensibilityGlobals) = postSolution
		SolutionGuid = {2CFA1306-9087-41C2-93F8-33AF0CD50D45}
	EndGlobalSection
EndGlobal
